# THIS IS AN AUTOGENERATED FILE. DO NOT EDIT THIS FILE DIRECTLY.
# yarn lockfile v1


bulma@^0.7.1:
  version "0.7.5"
  resolved "https://registry.yarnpkg.com/bulma/-/bulma-0.7.5.tgz#35066c37f82c088b68f94450be758fc00a967208"
  integrity sha512-cX98TIn0I6sKba/DhW0FBjtaDpxTelU166pf7ICXpCCuplHWyu6C9LYZmL5PEsnePIeJaiorsTEzzNk3Tsm1hw==

jquery@^3.3.1:
  version "3.5.1"
  resolved "https://registry.yarnpkg.com/jquery/-/jquery-3.5.1.tgz#d7b4d08e1bfdb86ad2f1a3d039ea17304717abb5"
  integrity sha512-XwIBPqcMn57FxfT+Go5pzySnm4KWkT1Tv7gjrpT1srtf8Weynl6R273VJ5GjkRb51IzMp5nbaPjJXMWeju2MKg==

leaflet@^1.5.1:
  version "1.6.0"
  resolved "https://registry.yarnpkg.com/leaflet/-/leaflet-1.6.0.tgz#aecbb044b949ec29469eeb31c77a88e2f448f308"
  integrity sha512-CPkhyqWUKZKFJ6K8umN5/D2wrJ2+/8UIpXppY7QDnUZW5bZL5+SEI2J7GBpwh4LIupOKqbNSQXgqmrEJopHVNQ==
